
Microsoft Visual Studio Solution File, Format Version 12.00
# Visual Studio 15
VisualStudioVersion = 15.0.28010.2036
MinimumVisualStudioVersion = 10.0.40219.1
Project("{FAE04EC0-301F-11D3-BF4B-00C04F79EFBC}") = "Tron", "Tron\Tron.csproj", "{4BAFF2DB-A16C-4C41-8085-76B8622479A7}"
EndProject
Global
	GlobalSection(SolutionConfigurationPlatforms) = preSolution
		Debug|Any CPU = Debug|Any CPU
		Release|Any CPU = Release|Any CPU
	EndGlobalSection
	GlobalSection(ProjectConfigurationPlatforms) = postSolution
		{4BAFF2DB-A16C-4C41-8085-76B8622479A7}.Debug|Any CPU.ActiveCfg = Debug|Any CPU
		{4BAFF2DB-A16C-4C41-8085-76B8622479A7}.Debug|Any CPU.Build.0 = Debug|Any CPU
		{4BAFF2DB-A16C-4C41-8085-76B8622479A7}.Release|Any CPU.ActiveCfg = Release|Any CPU
		{4BAFF2DB-A16C-4C41-8085-76B8622479A7}.Release|Any CPU.Build.0 = Release|Any CPU
	EndGlobalSection
	GlobalSection(SolutionProperties) = preSolution
		HideSolutionNode = FALSE
	EndGlobalSection
	GlobalSection(ExtensibilityGlobals) = postSolution
		SolutionGuid = {B28D8B11-681D-4CEA-A35E-1078388DC225}
	EndGlobalSection
EndGlobal
